// !$*UTF8*$!
{
	archiveVersion = 1;
	classes = {
	};
	objectVersion = 56;
	objects = {

/* Begin PBXBuildFile section */
		5F412F1F2C74037300A9C41E /* MockKeychainWrapper.swift in Sources */ = {isa = PBXBuildFile; fileRef = 5F412F1E2C74037300A9C41E /* MockKeychainWrapper.swift */; };
		5F70EAFB2C73D80000917C4F /* PurLogCredentialsTests.swift in Sources */ = {isa = PBXBuildFile; fileRef = 5F70EAFA2C73D80000917C4F /* PurLogCredentialsTests.swift */; };
		5FF2FC5D2C72B97900917679 /* PurLog.framework in Frameworks */ = {isa = PBXBuildFile; fileRef = 5FF2FC522C72B97900917679 /* PurLog.framework */; };
		5FF2FC622C72B97900917679 /* PurLogTests.swift in Sources */ = {isa = PBXBuildFile; fileRef = 5FF2FC612C72B97900917679 /* PurLogTests.swift */; };
		5FF2FC6F2C72BB2600917679 /* PurLogLevel.swift in Sources */ = {isa = PBXBuildFile; fileRef = 5FF2FC6E2C72BB2600917679 /* PurLogLevel.swift */; };
		5FF2FC712C72BB8A00917679 /* PurLog.swift in Sources */ = {isa = PBXBuildFile; fileRef = 5FF2FC702C72BB8A00917679 /* PurLog.swift */; };
		5FF2FC752C72E6FB00917679 /* PurLogConfig.swift in Sources */ = {isa = PBXBuildFile; fileRef = 5FF2FC742C72E6FB00917679 /* PurLogConfig.swift */; };
		5FF2FC782C72E78E00917679 /* PurLogEnv.swift in Sources */ = {isa = PBXBuildFile; fileRef = 5FF2FC772C72E78E00917679 /* PurLogEnv.swift */; };
		5FF2FC7C2C72EA3900917679 /* KeychainWrapper.swift in Sources */ = {isa = PBXBuildFile; fileRef = 5FF2FC7B2C72EA3900917679 /* KeychainWrapper.swift */; };
		5FF2FC802C72F5F500917679 /* PurLogCredentials.swift in Sources */ = {isa = PBXBuildFile; fileRef = 5FF2FC7F2C72F5F500917679 /* PurLogCredentials.swift */; };
		5FF2FC822C72F89800917679 /* dates.swift in Sources */ = {isa = PBXBuildFile; fileRef = 5FF2FC812C72F89800917679 /* dates.swift */; };
		5FF2FC842C72FDD100917679 /* PurLogColorConfig.swift in Sources */ = {isa = PBXBuildFile; fileRef = 5FF2FC832C72FDD100917679 /* PurLogColorConfig.swift */; };
		5FF2FC862C72FF0C00917679 /* PurLogTextColor.swift in Sources */ = {isa = PBXBuildFile; fileRef = 5FF2FC852C72FF0C00917679 /* PurLogTextColor.swift */; };
		5FF2FC892C7303EF00917679 /* PurLogBackgroundColor.swift in Sources */ = {isa = PBXBuildFile; fileRef = 5FF2FC882C7303EF00917679 /* PurLogBackgroundColor.swift */; };
		5FF2FC8D2C73189000917679 /* slather.yaml in Resources */ = {isa = PBXBuildFile; fileRef = 5FF2FC8C2C73189000917679 /* slather.yaml */; };
		5FF2FC962C7332D300917679 /* datesTests.swift in Sources */ = {isa = PBXBuildFile; fileRef = 5FF2FC952C7332D300917679 /* datesTests.swift */; };
		5FF2FCAA2C73C46400917679 /* PurLogColorConfigTests.swift in Sources */ = {isa = PBXBuildFile; fileRef = 5FF2FCA92C73C46400917679 /* PurLogColorConfigTests.swift */; };
		5FF2FCAD2C73C48600917679 /* PurLogConfigTests.swift in Sources */ = {isa = PBXBuildFile; fileRef = 5FF2FCAC2C73C48600917679 /* PurLogConfigTests.swift */; };
		5FF2FCB72C73CE4A00917679 /* KeychainHostTestApp.swift in Sources */ = {isa = PBXBuildFile; fileRef = 5FF2FCB62C73CE4A00917679 /* KeychainHostTestApp.swift */; };
/* End PBXBuildFile section */

/* Begin PBXContainerItemProxy section */
		5FF2FC5E2C72B97900917679 /* PBXContainerItemProxy */ = {
			isa = PBXContainerItemProxy;
			containerPortal = 5FF2FC492C72B97900917679 /* Project object */;
			proxyType = 1;
			remoteGlobalIDString = 5FF2FC512C72B97900917679;
			remoteInfo = PurLog;
		};
		5FF2FCC32C73CF0C00917679 /* PBXContainerItemProxy */ = {
			isa = PBXContainerItemProxy;
			containerPortal = 5FF2FC492C72B97900917679 /* Project object */;
			proxyType = 1;
			remoteGlobalIDString = 5FF2FCB32C73CE4A00917679;
			remoteInfo = KeychainHostTestApp;
		};
/* End PBXContainerItemProxy section */

/* Begin PBXFileReference section */
		5F412F1E2C74037300A9C41E /* MockKeychainWrapper.swift */ = {isa = PBXFileReference; lastKnownFileType = sourcecode.swift; path = MockKeychainWrapper.swift; sourceTree = "<group>"; };
		5F70EAFA2C73D80000917C4F /* PurLogCredentialsTests.swift */ = {isa = PBXFileReference; lastKnownFileType = sourcecode.swift; path = PurLogCredentialsTests.swift; sourceTree = "<group>"; };
		5FF2FC522C72B97900917679 /* PurLog.framework */ = {isa = PBXFileReference; explicitFileType = wrapper.framework; includeInIndex = 0; path = PurLog.framework; sourceTree = BUILT_PRODUCTS_DIR; };
		5FF2FC5C2C72B97900917679 /* PurLogTests.xctest */ = {isa = PBXFileReference; explicitFileType = wrapper.cfbundle; includeInIndex = 0; path = PurLogTests.xctest; sourceTree = BUILT_PRODUCTS_DIR; };
		5FF2FC612C72B97900917679 /* PurLogTests.swift */ = {isa = PBXFileReference; lastKnownFileType = sourcecode.swift; path = PurLogTests.swift; sourceTree = "<group>"; };
		5FF2FC6E2C72BB2600917679 /* PurLogLevel.swift */ = {isa = PBXFileReference; fileEncoding = 4; lastKnownFileType = sourcecode.swift; path = PurLogLevel.swift; sourceTree = "<group>"; };
		5FF2FC702C72BB8A00917679 /* PurLog.swift */ = {isa = PBXFileReference; lastKnownFileType = sourcecode.swift; path = PurLog.swift; sourceTree = "<group>"; };
		5FF2FC742C72E6FB00917679 /* PurLogConfig.swift */ = {isa = PBXFileReference; lastKnownFileType = sourcecode.swift; path = PurLogConfig.swift; sourceTree = "<group>"; };
		5FF2FC772C72E78E00917679 /* PurLogEnv.swift */ = {isa = PBXFileReference; lastKnownFileType = sourcecode.swift; path = PurLogEnv.swift; sourceTree = "<group>"; };
		5FF2FC7B2C72EA3900917679 /* KeychainWrapper.swift */ = {isa = PBXFileReference; lastKnownFileType = sourcecode.swift; path = KeychainWrapper.swift; sourceTree = "<group>"; };
		5FF2FC7F2C72F5F500917679 /* PurLogCredentials.swift */ = {isa = PBXFileReference; lastKnownFileType = sourcecode.swift; path = PurLogCredentials.swift; sourceTree = "<group>"; };
		5FF2FC812C72F89800917679 /* dates.swift */ = {isa = PBXFileReference; lastKnownFileType = sourcecode.swift; path = dates.swift; sourceTree = "<group>"; };
		5FF2FC832C72FDD100917679 /* PurLogColorConfig.swift */ = {isa = PBXFileReference; lastKnownFileType = sourcecode.swift; path = PurLogColorConfig.swift; sourceTree = "<group>"; };
		5FF2FC852C72FF0C00917679 /* PurLogTextColor.swift */ = {isa = PBXFileReference; lastKnownFileType = sourcecode.swift; path = PurLogTextColor.swift; sourceTree = "<group>"; };
		5FF2FC882C7303EF00917679 /* PurLogBackgroundColor.swift */ = {isa = PBXFileReference; lastKnownFileType = sourcecode.swift; path = PurLogBackgroundColor.swift; sourceTree = "<group>"; };
		5FF2FC8A2C730D5C00917679 /* package.swift */ = {isa = PBXFileReference; lastKnownFileType = sourcecode.swift; path = package.swift; sourceTree = "<group>"; };
		5FF2FC8C2C73189000917679 /* slather.yaml */ = {isa = PBXFileReference; lastKnownFileType = text.yaml; path = slather.yaml; sourceTree = "<group>"; };
		5FF2FC942C732B4B00917679 /* PurLog.xctestplan */ = {isa = PBXFileReference; lastKnownFileType = text; path = PurLog.xctestplan; sourceTree = SOURCE_ROOT; };
		5FF2FC952C7332D300917679 /* datesTests.swift */ = {isa = PBXFileReference; lastKnownFileType = sourcecode.swift; path = datesTests.swift; sourceTree = "<group>"; };
		5FF2FCA92C73C46400917679 /* PurLogColorConfigTests.swift */ = {isa = PBXFileReference; lastKnownFileType = sourcecode.swift; path = PurLogColorConfigTests.swift; sourceTree = "<group>"; };
		5FF2FCAC2C73C48600917679 /* PurLogConfigTests.swift */ = {isa = PBXFileReference; lastKnownFileType = sourcecode.swift; path = PurLogConfigTests.swift; sourceTree = "<group>"; };
		5FF2FCB42C73CE4A00917679 /* KeychainHostTestApp.app */ = {isa = PBXFileReference; explicitFileType = wrapper.application; includeInIndex = 0; path = KeychainHostTestApp.app; sourceTree = BUILT_PRODUCTS_DIR; };
		5FF2FCB62C73CE4A00917679 /* KeychainHostTestApp.swift */ = {isa = PBXFileReference; lastKnownFileType = sourcecode.swift; path = KeychainHostTestApp.swift; sourceTree = "<group>"; };
/* End PBXFileReference section */

/* Begin PBXFrameworksBuildPhase section */
		5FF2FC4F2C72B97900917679 /* Frameworks */ = {
			isa = PBXFrameworksBuildPhase;
			buildActionMask = 2147483647;
			files = (
			);
			runOnlyForDeploymentPostprocessing = 0;
		};
		5FF2FC592C72B97900917679 /* Frameworks */ = {
			isa = PBXFrameworksBuildPhase;
			buildActionMask = 2147483647;
			files = (
				5FF2FC5D2C72B97900917679 /* PurLog.framework in Frameworks */,
			);
			runOnlyForDeploymentPostprocessing = 0;
		};
		5FF2FCB12C73CE4A00917679 /* Frameworks */ = {
			isa = PBXFrameworksBuildPhase;
			buildActionMask = 2147483647;
			files = (
			);
			runOnlyForDeploymentPostprocessing = 0;
		};
/* End PBXFrameworksBuildPhase section */

/* Begin PBXGroup section */
		5F412F1D2C74035B00A9C41E /* utils */ = {
			isa = PBXGroup;
			children = (
				5FF2FC952C7332D300917679 /* datesTests.swift */,
				5F412F1E2C74037300A9C41E /* MockKeychainWrapper.swift */,
			);
			path = utils;
			sourceTree = "<group>";
		};
		5F70EAF92C73D5FF00917C4F /* Preview Content */ = {
			isa = PBXGroup;
			children = (
			);
			path = "Preview Content";
			sourceTree = "<group>";
		};
		5FF2FC482C72B97900917679 = {
			isa = PBXGroup;
			children = (
				5FF2FC8C2C73189000917679 /* slather.yaml */,
				5FF2FC8A2C730D5C00917679 /* package.swift */,
				5FF2FC542C72B97900917679 /* PurLog */,
				5FF2FC602C72B97900917679 /* PurLogTests */,
				5FF2FCB52C73CE4A00917679 /* KeychainHostTestApp */,
				5FF2FC532C72B97900917679 /* Products */,
			);
			sourceTree = "<group>";
		};
		5FF2FC532C72B97900917679 /* Products */ = {
			isa = PBXGroup;
			children = (
				5FF2FC522C72B97900917679 /* PurLog.framework */,
				5FF2FC5C2C72B97900917679 /* PurLogTests.xctest */,
				5FF2FCB42C73CE4A00917679 /* KeychainHostTestApp.app */,
			);
			name = Products;
			sourceTree = "<group>";
		};
		5FF2FC542C72B97900917679 /* PurLog */ = {
			isa = PBXGroup;
			children = (
				5FF2FC702C72BB8A00917679 /* PurLog.swift */,
				5FF2FC7A2C72E9E900917679 /* models */,
				5FF2FC762C72E72D00917679 /* enums */,
				5FF2FC792C72E9BE00917679 /* utils */,
			);
			path = PurLog;
			sourceTree = "<group>";
		};
		5FF2FC602C72B97900917679 /* PurLogTests */ = {
			isa = PBXGroup;
			children = (
				5FF2FC942C732B4B00917679 /* PurLog.xctestplan */,
				5FF2FC612C72B97900917679 /* PurLogTests.swift */,
				5FF2FCAB2C73C46D00917679 /* models */,
				5F412F1D2C74035B00A9C41E /* utils */,
			);
			path = PurLogTests;
			sourceTree = "<group>";
		};
		5FF2FC762C72E72D00917679 /* enums */ = {
			isa = PBXGroup;
			children = (
				5FF2FC6E2C72BB2600917679 /* PurLogLevel.swift */,
				5FF2FC772C72E78E00917679 /* PurLogEnv.swift */,
				5FF2FC872C7303D400917679 /* colors */,
			);
			path = enums;
			sourceTree = "<group>";
		};
		5FF2FC792C72E9BE00917679 /* utils */ = {
			isa = PBXGroup;
			children = (
				5FF2FC7B2C72EA3900917679 /* KeychainWrapper.swift */,
				5FF2FC812C72F89800917679 /* dates.swift */,
			);
			path = utils;
			sourceTree = "<group>";
		};
		5FF2FC7A2C72E9E900917679 /* models */ = {
			isa = PBXGroup;
			children = (
				5FF2FC742C72E6FB00917679 /* PurLogConfig.swift */,
				5FF2FC7F2C72F5F500917679 /* PurLogCredentials.swift */,
				5FF2FC832C72FDD100917679 /* PurLogColorConfig.swift */,
			);
			path = models;
			sourceTree = "<group>";
		};
		5FF2FC872C7303D400917679 /* colors */ = {
			isa = PBXGroup;
			children = (
				5FF2FC852C72FF0C00917679 /* PurLogTextColor.swift */,
				5FF2FC882C7303EF00917679 /* PurLogBackgroundColor.swift */,
			);
			path = colors;
			sourceTree = "<group>";
		};
		5FF2FCAB2C73C46D00917679 /* models */ = {
			isa = PBXGroup;
			children = (
				5FF2FCAC2C73C48600917679 /* PurLogConfigTests.swift */,
				5FF2FCA92C73C46400917679 /* PurLogColorConfigTests.swift */,
				5F70EAFA2C73D80000917C4F /* PurLogCredentialsTests.swift */,
			);
			path = models;
			sourceTree = "<group>";
		};
		5FF2FCB52C73CE4A00917679 /* KeychainHostTestApp */ = {
			isa = PBXGroup;
			children = (
				5F70EAF92C73D5FF00917C4F /* Preview Content */,
				5FF2FCB62C73CE4A00917679 /* KeychainHostTestApp.swift */,
			);
			path = KeychainHostTestApp;
			sourceTree = "<group>";
		};
/* End PBXGroup section */

/* Begin PBXHeadersBuildPhase section */
		5FF2FC4D2C72B97900917679 /* Headers */ = {
			isa = PBXHeadersBuildPhase;
			buildActionMask = 2147483647;
			files = (
			);
			runOnlyForDeploymentPostprocessing = 0;
		};
/* End PBXHeadersBuildPhase section */

/* Begin PBXNativeTarget section */
		5FF2FC512C72B97900917679 /* PurLog */ = {
			isa = PBXNativeTarget;
			buildConfigurationList = 5FF2FC662C72B97900917679 /* Build configuration list for PBXNativeTarget "PurLog" */;
			buildPhases = (
				5FF2FC4D2C72B97900917679 /* Headers */,
				5FF2FC4E2C72B97900917679 /* Sources */,
				5FF2FC4F2C72B97900917679 /* Frameworks */,
				5FF2FC502C72B97900917679 /* Resources */,
			);
			buildRules = (
			);
			dependencies = (
			);
			name = PurLog;
			productName = PurLog;
			productReference = 5FF2FC522C72B97900917679 /* PurLog.framework */;
			productType = "com.apple.product-type.framework";
		};
		5FF2FC5B2C72B97900917679 /* PurLogTests */ = {
			isa = PBXNativeTarget;
			buildConfigurationList = 5FF2FC692C72B97900917679 /* Build configuration list for PBXNativeTarget "PurLogTests" */;
			buildPhases = (
				5FF2FC582C72B97900917679 /* Sources */,
				5FF2FC592C72B97900917679 /* Frameworks */,
				5FF2FC5A2C72B97900917679 /* Resources */,
			);
			buildRules = (
			);
			dependencies = (
				5FF2FC5F2C72B97900917679 /* PBXTargetDependency */,
				5FF2FCC42C73CF0C00917679 /* PBXTargetDependency */,
			);
			name = PurLogTests;
			productName = PurLogTests;
			productReference = 5FF2FC5C2C72B97900917679 /* PurLogTests.xctest */;
			productType = "com.apple.product-type.bundle.unit-test";
		};
		5FF2FCB32C73CE4A00917679 /* KeychainHostTestApp */ = {
			isa = PBXNativeTarget;
			buildConfigurationList = 5FF2FCBF2C73CE4C00917679 /* Build configuration list for PBXNativeTarget "KeychainHostTestApp" */;
			buildPhases = (
				5FF2FCB02C73CE4A00917679 /* Sources */,
				5FF2FCB12C73CE4A00917679 /* Frameworks */,
				5FF2FCB22C73CE4A00917679 /* Resources */,
			);
			buildRules = (
			);
			dependencies = (
			);
			name = KeychainHostTestApp;
			productName = KeychainHostTestApp;
			productReference = 5FF2FCB42C73CE4A00917679 /* KeychainHostTestApp.app */;
			productType = "com.apple.product-type.application";
		};
/* End PBXNativeTarget section */

/* Begin PBXProject section */
		5FF2FC492C72B97900917679 /* Project object */ = {
			isa = PBXProject;
			attributes = {
				BuildIndependentTargetsInParallel = 1;
				LastSwiftUpdateCheck = 1540;
				LastUpgradeCheck = 1540;
				TargetAttributes = {
					5FF2FC512C72B97900917679 = {
						CreatedOnToolsVersion = 15.4;
					};
					5FF2FC5B2C72B97900917679 = {
						CreatedOnToolsVersion = 15.4;
						TestTargetID = 5FF2FCB32C73CE4A00917679;
					};
					5FF2FCB32C73CE4A00917679 = {
						CreatedOnToolsVersion = 15.4;
					};
				};
			};
			buildConfigurationList = 5FF2FC4C2C72B97900917679 /* Build configuration list for PBXProject "PurLog" */;
			compatibilityVersion = "Xcode 14.0";
			developmentRegion = en;
			hasScannedForEncodings = 0;
			knownRegions = (
				en,
				Base,
			);
			mainGroup = 5FF2FC482C72B97900917679;
			productRefGroup = 5FF2FC532C72B97900917679 /* Products */;
			projectDirPath = "";
			projectRoot = "";
			targets = (
				5FF2FC512C72B97900917679 /* PurLog */,
				5FF2FC5B2C72B97900917679 /* PurLogTests */,
				5FF2FCB32C73CE4A00917679 /* KeychainHostTestApp */,
			);
		};
/* End PBXProject section */

/* Begin PBXResourcesBuildPhase section */
		5FF2FC502C72B97900917679 /* Resources */ = {
			isa = PBXResourcesBuildPhase;
			buildActionMask = 2147483647;
			files = (
				5FF2FC8D2C73189000917679 /* slather.yaml in Resources */,
			);
			runOnlyForDeploymentPostprocessing = 0;
		};
		5FF2FC5A2C72B97900917679 /* Resources */ = {
			isa = PBXResourcesBuildPhase;
			buildActionMask = 2147483647;
			files = (
			);
			runOnlyForDeploymentPostprocessing = 0;
		};
		5FF2FCB22C73CE4A00917679 /* Resources */ = {
			isa = PBXResourcesBuildPhase;
			buildActionMask = 2147483647;
			files = (
			);
			runOnlyForDeploymentPostprocessing = 0;
		};
/* End PBXResourcesBuildPhase section */

/* Begin PBXSourcesBuildPhase section */
		5FF2FC4E2C72B97900917679 /* Sources */ = {
			isa = PBXSourcesBuildPhase;
			buildActionMask = 2147483647;
			files = (
				5FF2FC842C72FDD100917679 /* PurLogColorConfig.swift in Sources */,
				5FF2FC782C72E78E00917679 /* PurLogEnv.swift in Sources */,
				5FF2FC862C72FF0C00917679 /* PurLogTextColor.swift in Sources */,
				5FF2FC752C72E6FB00917679 /* PurLogConfig.swift in Sources */,
				5FF2FC822C72F89800917679 /* dates.swift in Sources */,
				5FF2FC712C72BB8A00917679 /* PurLog.swift in Sources */,
				5FF2FC6F2C72BB2600917679 /* PurLogLevel.swift in Sources */,
				5FF2FC7C2C72EA3900917679 /* KeychainWrapper.swift in Sources */,
				5FF2FC892C7303EF00917679 /* PurLogBackgroundColor.swift in Sources */,
				5FF2FC802C72F5F500917679 /* PurLogCredentials.swift in Sources */,
			);
			runOnlyForDeploymentPostprocessing = 0;
		};
		5FF2FC582C72B97900917679 /* Sources */ = {
			isa = PBXSourcesBuildPhase;
			buildActionMask = 2147483647;
			files = (
				5FF2FCAA2C73C46400917679 /* PurLogColorConfigTests.swift in Sources */,
				5F70EAFB2C73D80000917C4F /* PurLogCredentialsTests.swift in Sources */,
				5FF2FC962C7332D300917679 /* datesTests.swift in Sources */,
				5FF2FC622C72B97900917679 /* PurLogTests.swift in Sources */,
				5FF2FCAD2C73C48600917679 /* PurLogConfigTests.swift in Sources */,
				5F412F1F2C74037300A9C41E /* MockKeychainWrapper.swift in Sources */,
			);
			runOnlyForDeploymentPostprocessing = 0;
		};
		5FF2FCB02C73CE4A00917679 /* Sources */ = {
			isa = PBXSourcesBuildPhase;
			buildActionMask = 2147483647;
			files = (
				5FF2FCB72C73CE4A00917679 /* KeychainHostTestApp.swift in Sources */,
			);
			runOnlyForDeploymentPostprocessing = 0;
		};
/* End PBXSourcesBuildPhase section */

/* Begin PBXTargetDependency section */
		5FF2FC5F2C72B97900917679 /* PBXTargetDependency */ = {
			isa = PBXTargetDependency;
			target = 5FF2FC512C72B97900917679 /* PurLog */;
			targetProxy = 5FF2FC5E2C72B97900917679 /* PBXContainerItemProxy */;
		};
		5FF2FCC42C73CF0C00917679 /* PBXTargetDependency */ = {
			isa = PBXTargetDependency;
			target = 5FF2FCB32C73CE4A00917679 /* KeychainHostTestApp */;
			targetProxy = 5FF2FCC32C73CF0C00917679 /* PBXContainerItemProxy */;
		};
/* End PBXTargetDependency section */

/* Begin XCBuildConfiguration section */
		5FF2FC642C72B97900917679 /* Debug */ = {
			isa = XCBuildConfiguration;
			buildSettings = {
				ALWAYS_SEARCH_USER_PATHS = NO;
				ASSETCATALOG_COMPILER_GENERATE_SWIFT_ASSET_SYMBOL_EXTENSIONS = YES;
				CLANG_ANALYZER_NONNULL = YES;
				CLANG_ANALYZER_NUMBER_OBJECT_CONVERSION = YES_AGGRESSIVE;
				CLANG_CXX_LANGUAGE_STANDARD = "gnu++20";
				CLANG_ENABLE_MODULES = YES;
				CLANG_ENABLE_OBJC_ARC = YES;
				CLANG_ENABLE_OBJC_WEAK = YES;
				CLANG_WARN_BLOCK_CAPTURE_AUTORELEASING = YES;
				CLANG_WARN_BOOL_CONVERSION = YES;
				CLANG_WARN_COMMA = YES;
				CLANG_WARN_CONSTANT_CONVERSION = YES;
				CLANG_WARN_DEPRECATED_OBJC_IMPLEMENTATIONS = YES;
				CLANG_WARN_DIRECT_OBJC_ISA_USAGE = YES_ERROR;
				CLANG_WARN_DOCUMENTATION_COMMENTS = YES;
				CLANG_WARN_EMPTY_BODY = YES;
				CLANG_WARN_ENUM_CONVERSION = YES;
				CLANG_WARN_INFINITE_RECURSION = YES;
				CLANG_WARN_INT_CONVERSION = YES;
				CLANG_WARN_NON_LITERAL_NULL_CONVERSION = YES;
				CLANG_WARN_OBJC_IMPLICIT_RETAIN_SELF = YES;
				CLANG_WARN_OBJC_LITERAL_CONVERSION = YES;
				CLANG_WARN_OBJC_ROOT_CLASS = YES_ERROR;
				CLANG_WARN_QUOTED_INCLUDE_IN_FRAMEWORK_HEADER = YES;
				CLANG_WARN_RANGE_LOOP_ANALYSIS = YES;
				CLANG_WARN_STRICT_PROTOTYPES = YES;
				CLANG_WARN_SUSPICIOUS_MOVE = YES;
				CLANG_WARN_UNGUARDED_AVAILABILITY = YES_AGGRESSIVE;
				CLANG_WARN_UNREACHABLE_CODE = YES;
				CLANG_WARN__DUPLICATE_METHOD_MATCH = YES;
				COPY_PHASE_STRIP = NO;
				CURRENT_PROJECT_VERSION = 1;
				DEBUG_INFORMATION_FORMAT = dwarf;
				ENABLE_STRICT_OBJC_MSGSEND = YES;
				ENABLE_TESTABILITY = YES;
				ENABLE_USER_SCRIPT_SANDBOXING = YES;
				GCC_C_LANGUAGE_STANDARD = gnu17;
				GCC_DYNAMIC_NO_PIC = NO;
				GCC_NO_COMMON_BLOCKS = YES;
				GCC_OPTIMIZATION_LEVEL = 0;
				GCC_PREPROCESSOR_DEFINITIONS = (
					"DEBUG=1",
					"$(inherited)",
				);
				GCC_WARN_64_TO_32_BIT_CONVERSION = YES;
				GCC_WARN_ABOUT_RETURN_TYPE = YES_ERROR;
				GCC_WARN_UNDECLARED_SELECTOR = YES;
				GCC_WARN_UNINITIALIZED_AUTOS = YES_AGGRESSIVE;
				GCC_WARN_UNUSED_FUNCTION = YES;
				GCC_WARN_UNUSED_VARIABLE = YES;
				IPHONEOS_DEPLOYMENT_TARGET = 17.5;
				LOCALIZATION_PREFERS_STRING_CATALOGS = YES;
				MTL_ENABLE_DEBUG_INFO = INCLUDE_SOURCE;
				MTL_FAST_MATH = YES;
				ONLY_ACTIVE_ARCH = YES;
				SDKROOT = iphoneos;
				SWIFT_ACTIVE_COMPILATION_CONDITIONS = "DEBUG $(inherited)";
				SWIFT_OPTIMIZATION_LEVEL = "-Onone";
				VERSIONING_SYSTEM = "apple-generic";
				VERSION_INFO_PREFIX = "";
			};
			name = Debug;
		};
		5FF2FC652C72B97900917679 /* Release */ = {
			isa = XCBuildConfiguration;
			buildSettings = {
				ALWAYS_SEARCH_USER_PATHS = NO;
				ASSETCATALOG_COMPILER_GENERATE_SWIFT_ASSET_SYMBOL_EXTENSIONS = YES;
				CLANG_ANALYZER_NONNULL = YES;
				CLANG_ANALYZER_NUMBER_OBJECT_CONVERSION = YES_AGGRESSIVE;
				CLANG_CXX_LANGUAGE_STANDARD = "gnu++20";
				CLANG_ENABLE_MODULES = YES;
				CLANG_ENABLE_OBJC_ARC = YES;
				CLANG_ENABLE_OBJC_WEAK = YES;
				CLANG_WARN_BLOCK_CAPTURE_AUTORELEASING = YES;
				CLANG_WARN_BOOL_CONVERSION = YES;
				CLANG_WARN_COMMA = YES;
				CLANG_WARN_CONSTANT_CONVERSION = YES;
				CLANG_WARN_DEPRECATED_OBJC_IMPLEMENTATIONS = YES;
				CLANG_WARN_DIRECT_OBJC_ISA_USAGE = YES_ERROR;
				CLANG_WARN_DOCUMENTATION_COMMENTS = YES;
				CLANG_WARN_EMPTY_BODY = YES;
				CLANG_WARN_ENUM_CONVERSION = YES;
				CLANG_WARN_INFINITE_RECURSION = YES;
				CLANG_WARN_INT_CONVERSION = YES;
				CLANG_WARN_NON_LITERAL_NULL_CONVERSION = YES;
				CLANG_WARN_OBJC_IMPLICIT_RETAIN_SELF = YES;
				CLANG_WARN_OBJC_LITERAL_CONVERSION = YES;
				CLANG_WARN_OBJC_ROOT_CLASS = YES_ERROR;
				CLANG_WARN_QUOTED_INCLUDE_IN_FRAMEWORK_HEADER = YES;
				CLANG_WARN_RANGE_LOOP_ANALYSIS = YES;
				CLANG_WARN_STRICT_PROTOTYPES = YES;
				CLANG_WARN_SUSPICIOUS_MOVE = YES;
				CLANG_WARN_UNGUARDED_AVAILABILITY = YES_AGGRESSIVE;
				CLANG_WARN_UNREACHABLE_CODE = YES;
				CLANG_WARN__DUPLICATE_METHOD_MATCH = YES;
				COPY_PHASE_STRIP = NO;
				CURRENT_PROJECT_VERSION = 1;
				DEBUG_INFORMATION_FORMAT = "dwarf-with-dsym";
				ENABLE_NS_ASSERTIONS = NO;
				ENABLE_STRICT_OBJC_MSGSEND = YES;
				ENABLE_USER_SCRIPT_SANDBOXING = YES;
				GCC_C_LANGUAGE_STANDARD = gnu17;
				GCC_NO_COMMON_BLOCKS = YES;
				GCC_WARN_64_TO_32_BIT_CONVERSION = YES;
				GCC_WARN_ABOUT_RETURN_TYPE = YES_ERROR;
				GCC_WARN_UNDECLARED_SELECTOR = YES;
				GCC_WARN_UNINITIALIZED_AUTOS = YES_AGGRESSIVE;
				GCC_WARN_UNUSED_FUNCTION = YES;
				GCC_WARN_UNUSED_VARIABLE = YES;
				IPHONEOS_DEPLOYMENT_TARGET = 17.5;
				LOCALIZATION_PREFERS_STRING_CATALOGS = YES;
				MTL_ENABLE_DEBUG_INFO = NO;
				MTL_FAST_MATH = YES;
				SDKROOT = iphoneos;
				SWIFT_COMPILATION_MODE = wholemodule;
				VALIDATE_PRODUCT = YES;
				VERSIONING_SYSTEM = "apple-generic";
				VERSION_INFO_PREFIX = "";
			};
			name = Release;
		};
		5FF2FC672C72B97900917679 /* Debug */ = {
			isa = XCBuildConfiguration;
			buildSettings = {
				BUILD_LIBRARY_FOR_DISTRIBUTION = YES;
				CODE_SIGN_STYLE = Automatic;
				CURRENT_PROJECT_VERSION = 1;
				DEFINES_MODULE = NO;
				DEVELOPMENT_TEAM = 2CX2A263X7;
				DYLIB_COMPATIBILITY_VERSION = 1;
				DYLIB_CURRENT_VERSION = 1;
				DYLIB_INSTALL_NAME_BASE = "@rpath";
				ENABLE_MODULE_VERIFIER = YES;
				GENERATE_INFOPLIST_FILE = YES;
				INFOPLIST_KEY_NSHumanReadableCopyright = "";
				INSTALL_PATH = "$(LOCAL_LIBRARY_DIR)/Frameworks";
				IPHONEOS_DEPLOYMENT_TARGET = 13.0;
				LD_RUNPATH_SEARCH_PATHS = (
					"$(inherited)",
					"@executable_path/Frameworks",
					"@loader_path/Frameworks",
				);
				MARKETING_VERSION = 1.0;
				MODULE_VERIFIER_SUPPORTED_LANGUAGES = "objective-c objective-c++";
				MODULE_VERIFIER_SUPPORTED_LANGUAGE_STANDARDS = "gnu17 gnu++20";
				"OTHER_SWIFT_FLAGS[arch=*]" = "-no-verify-emitted-module-interface";
				PRODUCT_BUNDLE_IDENTIFIER = com.metashark.PurLog;
				PRODUCT_NAME = "$(TARGET_NAME:c99extidentifier)";
				SKIP_INSTALL = YES;
				SWIFT_EMIT_LOC_STRINGS = YES;
				SWIFT_INSTALL_OBJC_HEADER = NO;
				SWIFT_VERSION = 5.0;
				TARGETED_DEVICE_FAMILY = "1,2";
			};
			name = Debug;
		};
		5FF2FC682C72B97900917679 /* Release */ = {
			isa = XCBuildConfiguration;
			buildSettings = {
				BUILD_LIBRARY_FOR_DISTRIBUTION = YES;
				CODE_SIGN_STYLE = Automatic;
				CURRENT_PROJECT_VERSION = 1;
				DEFINES_MODULE = NO;
				DEVELOPMENT_TEAM = 2CX2A263X7;
				DYLIB_COMPATIBILITY_VERSION = 1;
				DYLIB_CURRENT_VERSION = 1;
				DYLIB_INSTALL_NAME_BASE = "@rpath";
				ENABLE_MODULE_VERIFIER = YES;
				GENERATE_INFOPLIST_FILE = YES;
				INFOPLIST_KEY_NSHumanReadableCopyright = "";
				INSTALL_PATH = "$(LOCAL_LIBRARY_DIR)/Frameworks";
				IPHONEOS_DEPLOYMENT_TARGET = 13.0;
				LD_RUNPATH_SEARCH_PATHS = (
					"$(inherited)",
					"@executable_path/Frameworks",
					"@loader_path/Frameworks",
				);
				MARKETING_VERSION = 1.0;
				MODULE_VERIFIER_SUPPORTED_LANGUAGES = "objective-c objective-c++";
				MODULE_VERIFIER_SUPPORTED_LANGUAGE_STANDARDS = "gnu17 gnu++20";
				"OTHER_SWIFT_FLAGS[arch=*]" = "-no-verify-emitted-module-interface";
				PRODUCT_BUNDLE_IDENTIFIER = com.metashark.PurLog;
				PRODUCT_NAME = "$(TARGET_NAME:c99extidentifier)";
				SKIP_INSTALL = YES;
				SWIFT_EMIT_LOC_STRINGS = YES;
				SWIFT_INSTALL_OBJC_HEADER = NO;
				SWIFT_VERSION = 5.0;
				TARGETED_DEVICE_FAMILY = "1,2";
			};
			name = Release;
		};
		5FF2FC6A2C72B97900917679 /* Debug */ = {
			isa = XCBuildConfiguration;
			buildSettings = {
				ALWAYS_EMBED_SWIFT_STANDARD_LIBRARIES = YES;
				CODE_SIGN_STYLE = Automatic;
				CURRENT_PROJECT_VERSION = 1;
				DEVELOPMENT_TEAM = 2CX2A263X7;
				GENERATE_INFOPLIST_FILE = YES;
				MARKETING_VERSION = 1.0;
				PRODUCT_BUNDLE_IDENTIFIER = com.metashark.PurLogTests;
				PRODUCT_NAME = "$(TARGET_NAME)";
				SWIFT_EMIT_LOC_STRINGS = NO;
				SWIFT_VERSION = 5.0;
				TARGETED_DEVICE_FAMILY = "1,2";
				TEST_HOST = "$(BUILT_PRODUCTS_DIR)/KeychainHostTestApp.app/$(BUNDLE_EXECUTABLE_FOLDER_PATH)/KeychainHostTestApp";
			};
			name = Debug;
		};
		5FF2FC6B2C72B97900917679 /* Release */ = {
			isa = XCBuildConfiguration;
			buildSettings = {
				ALWAYS_EMBED_SWIFT_STANDARD_LIBRARIES = YES;
				CODE_SIGN_STYLE = Automatic;
				CURRENT_PROJECT_VERSION = 1;
				DEVELOPMENT_TEAM = 2CX2A263X7;
				GENERATE_INFOPLIST_FILE = YES;
				MARKETING_VERSION = 1.0;
				PRODUCT_BUNDLE_IDENTIFIER = com.metashark.PurLogTests;
				PRODUCT_NAME = "$(TARGET_NAME)";
				SWIFT_EMIT_LOC_STRINGS = NO;
				SWIFT_VERSION = 5.0;
				TARGETED_DEVICE_FAMILY = "1,2";
				TEST_HOST = "$(BUILT_PRODUCTS_DIR)/KeychainHostTestApp.app/$(BUNDLE_EXECUTABLE_FOLDER_PATH)/KeychainHostTestApp";
			};
			name = Release;
		};
		5FF2FCC02C73CE4C00917679 /* Debug */ = {
			isa = XCBuildConfiguration;
			buildSettings = {
				ASSETCATALOG_COMPILER_APPICON_NAME = AppIcon;
				ASSETCATALOG_COMPILER_GLOBAL_ACCENT_COLOR_NAME = AccentColor;
				CODE_SIGN_ENTITLEMENTS = "";
				CODE_SIGN_STYLE = Automatic;
				CURRENT_PROJECT_VERSION = 1;
				DEVELOPMENT_ASSET_PATHS = "\"KeychainHostTestApp/Preview Content\"";
				DEVELOPMENT_TEAM = 2CX2A263X7;
				ENABLE_PREVIEWS = YES;
				GENERATE_INFOPLIST_FILE = YES;
				INFOPLIST_KEY_UIApplicationSceneManifest_Generation = YES;
				INFOPLIST_KEY_UIApplicationSupportsIndirectInputEvents = YES;
				INFOPLIST_KEY_UILaunchScreen_Generation = YES;
				INFOPLIST_KEY_UISupportedInterfaceOrientations_iPad = "UIInterfaceOrientationPortrait UIInterfaceOrientationPortraitUpsideDown UIInterfaceOrientationLandscapeLeft UIInterfaceOrientationLandscapeRight";
				INFOPLIST_KEY_UISupportedInterfaceOrientations_iPhone = "UIInterfaceOrientationPortrait UIInterfaceOrientationLandscapeLeft UIInterfaceOrientationLandscapeRight";
				LD_RUNPATH_SEARCH_PATHS = (
					"$(inherited)",
					"@executable_path/Frameworks",
				);
				MARKETING_VERSION = 1.0;
				PRODUCT_BUNDLE_IDENTIFIER = com.metashark.KeychainHostTestApp;
				PRODUCT_NAME = "$(TARGET_NAME)";
				SWIFT_EMIT_LOC_STRINGS = YES;
				SWIFT_VERSION = 5.0;
				TARGETED_DEVICE_FAMILY = "1,2";
			};
			name = Debug;
		};
		5FF2FCC12C73CE4C00917679 /* Release */ = {
			isa = XCBuildConfiguration;
			buildSettings = {
				ASSETCATALOG_COMPILER_APPICON_NAME = AppIcon;
				ASSETCATALOG_COMPILER_GLOBAL_ACCENT_COLOR_NAME = AccentColor;
				CODE_SIGN_ENTITLEMENTS = "";
				CODE_SIGN_STYLE = Automatic;
				CURRENT_PROJECT_VERSION = 1;
				DEVELOPMENT_ASSET_PATHS = "\"KeychainHostTestApp/Preview Content\"";
				DEVELOPMENT_TEAM = 2CX2A263X7;
				ENABLE_PREVIEWS = YES;
				GENERATE_INFOPLIST_FILE = YES;
				INFOPLIST_KEY_UIApplicationSceneManifest_Generation = YES;
				INFOPLIST_KEY_UIApplicationSupportsIndirectInputEvents = YES;
				INFOPLIST_KEY_UILaunchScreen_Generation = YES;
				INFOPLIST_KEY_UISupportedInterfaceOrientations_iPad = "UIInterfaceOrientationPortrait UIInterfaceOrientationPortraitUpsideDown UIInterfaceOrientationLandscapeLeft UIInterfaceOrientationLandscapeRight";
				INFOPLIST_KEY_UISupportedInterfaceOrientations_iPhone = "UIInterfaceOrientationPortrait UIInterfaceOrientationLandscapeLeft UIInterfaceOrientationLandscapeRight";
				LD_RUNPATH_SEARCH_PATHS = (
					"$(inherited)",
					"@executable_path/Frameworks",
				);
				MARKETING_VERSION = 1.0;
				PRODUCT_BUNDLE_IDENTIFIER = com.metashark.KeychainHostTestApp;
				PRODUCT_NAME = "$(TARGET_NAME)";
				SWIFT_EMIT_LOC_STRINGS = YES;
				SWIFT_VERSION = 5.0;
				TARGETED_DEVICE_FAMILY = "1,2";
			};
			name = Release;
		};
/* End XCBuildConfiguration section */

/* Begin XCConfigurationList section */
		5FF2FC4C2C72B97900917679 /* Build configuration list for PBXProject "PurLog" */ = {
			isa = XCConfigurationList;
			buildConfigurations = (
				5FF2FC642C72B97900917679 /* Debug */,
				5FF2FC652C72B97900917679 /* Release */,
			);
			defaultConfigurationIsVisible = 0;
			defaultConfigurationName = Release;
		};
		5FF2FC662C72B97900917679 /* Build configuration list for PBXNativeTarget "PurLog" */ = {
			isa = XCConfigurationList;
			buildConfigurations = (
				5FF2FC672C72B97900917679 /* Debug */,
				5FF2FC682C72B97900917679 /* Release */,
			);
			defaultConfigurationIsVisible = 0;
			defaultConfigurationName = Release;
		};
		5FF2FC692C72B97900917679 /* Build configuration list for PBXNativeTarget "PurLogTests" */ = {
			isa = XCConfigurationList;
			buildConfigurations = (
				5FF2FC6A2C72B97900917679 /* Debug */,
				5FF2FC6B2C72B97900917679 /* Release */,
			);
			defaultConfigurationIsVisible = 0;
			defaultConfigurationName = Release;
		};
		5FF2FCBF2C73CE4C00917679 /* Build configuration list for PBXNativeTarget "KeychainHostTestApp" */ = {
			isa = XCConfigurationList;
			buildConfigurations = (
				5FF2FCC02C73CE4C00917679 /* Debug */,
				5FF2FCC12C73CE4C00917679 /* Release */,
			);
			defaultConfigurationIsVisible = 0;
			defaultConfigurationName = Release;
		};
/* End XCConfigurationList section */
	};
	rootObject = 5FF2FC492C72B97900917679 /* Project object */;
}
